// !$*UTF8*$!
{
	archiveVersion = 1;
	classes = {
	};
	objectVersion = 46;
	objects = {

/* Begin PBXBuildFile section */
		8402953818151CF1008F3E7D /* Foundation.framework in Frameworks */ = {isa = PBXBuildFile; fileRef = 8402953718151CF1008F3E7D /* Foundation.framework */; };
		8402953A18151CF1008F3E7D /* CoreGraphics.framework in Frameworks */ = {isa = PBXBuildFile; fileRef = 8402953918151CF1008F3E7D /* CoreGraphics.framework */; };
		8402953C18151CF1008F3E7D /* UIKit.framework in Frameworks */ = {isa = PBXBuildFile; fileRef = 8402953B18151CF1008F3E7D /* UIKit.framework */; };
		8402954218151CF1008F3E7D /* InfoPlist.strings in Resources */ = {isa = PBXBuildFile; fileRef = 8402954018151CF1008F3E7D /* InfoPlist.strings */; };
		8402954418151CF1008F3E7D /* main.m in Sources */ = {isa = PBXBuildFile; fileRef = 8402954318151CF1008F3E7D /* main.m */; };
		8402954818151CF1008F3E7D /* TVAppDelegate.m in Sources */ = {isa = PBXBuildFile; fileRef = 8402954718151CF1008F3E7D /* TVAppDelegate.m */; };
		8402954B18151CF1008F3E7D /* Main.storyboard in Resources */ = {isa = PBXBuildFile; fileRef = 8402954918151CF1008F3E7D /* Main.storyboard */; };
		8402955018151CF1008F3E7D /* Images.xcassets in Resources */ = {isa = PBXBuildFile; fileRef = 8402954F18151CF1008F3E7D /* Images.xcassets */; };
		8402955718151CF1008F3E7D /* XCTest.framework in Frameworks */ = {isa = PBXBuildFile; fileRef = 8402955618151CF1008F3E7D /* XCTest.framework */; };
		8402955818151CF1008F3E7D /* Foundation.framework in Frameworks */ = {isa = PBXBuildFile; fileRef = 8402953718151CF1008F3E7D /* Foundation.framework */; };
		8402955918151CF1008F3E7D /* UIKit.framework in Frameworks */ = {isa = PBXBuildFile; fileRef = 8402953B18151CF1008F3E7D /* UIKit.framework */; };
		8402956118151CF1008F3E7D /* InfoPlist.strings in Resources */ = {isa = PBXBuildFile; fileRef = 8402955F18151CF1008F3E7D /* InfoPlist.strings */; };
		8402956318151CF1008F3E7D /* UITableViewController_Challenge_SolutionTests.m in Sources */ = {isa = PBXBuildFile; fileRef = 8402956218151CF1008F3E7D /* UITableViewController_Challenge_SolutionTests.m */; };
		8402956E1815208A008F3E7D /* TVTableViewController.m in Sources */ = {isa = PBXBuildFile; fileRef = 8402956D1815208A008F3E7D /* TVTableViewController.m */; };
		8402957F18161B19008F3E7D /* Earth.jpg in Resources */ = {isa = PBXBuildFile; fileRef = 8402957518161B19008F3E7D /* Earth.jpg */; };
		8402958018161B19008F3E7D /* EinsteinRing.jpg in Resources */ = {isa = PBXBuildFile; fileRef = 8402957618161B19008F3E7D /* EinsteinRing.jpg */; };
		8402958118161B19008F3E7D /* Jupiter.jpg in Resources */ = {isa = PBXBuildFile; fileRef = 8402957718161B19008F3E7D /* Jupiter.jpg */; };
		8402958218161B19008F3E7D /* Mars.jpg in Resources */ = {isa = PBXBuildFile; fileRef = 8402957818161B19008F3E7D /* Mars.jpg */; };
		8402958318161B19008F3E7D /* Mercury.jpg in Resources */ = {isa = PBXBuildFile; fileRef = 8402957918161B19008F3E7D /* Mercury.jpg */; };
		8402958418161B19008F3E7D /* Neptune.jpg in Resources */ = {isa = PBXBuildFile; fileRef = 8402957A18161B19008F3E7D /* Neptune.jpg */; };
		8402958518161B19008F3E7D /* Orion.jpg in Resources */ = {isa = PBXBuildFile; fileRef = 8402957B18161B19008F3E7D /* Orion.jpg */; };
		8402958618161B19008F3E7D /* Saturn.jpg in Resources */ = {isa = PBXBuildFile; fileRef = 8402957C18161B19008F3E7D /* Saturn.jpg */; };
		8402958718161B19008F3E7D /* Uranus.jpg in Resources */ = {isa = PBXBuildFile; fileRef = 8402957D18161B19008F3E7D /* Uranus.jpg */; };
		8402958818161B19008F3E7D /* Venus.jpg in Resources */ = {isa = PBXBuildFile; fileRef = 8402957E18161B19008F3E7D /* Venus.jpg */; };
		8402958B18162250008F3E7D /* AstronomicalData.m in Sources */ = {isa = PBXBuildFile; fileRef = 8402958A18162250008F3E7D /* AstronomicalData.m */; };
		8402958E18162D62008F3E7D /* TVSpaceObject.m in Sources */ = {isa = PBXBuildFile; fileRef = 8402958D18162D62008F3E7D /* TVSpaceObject.m */; };
		843E4D3A181C68370048F980 /* TVSpaceDataViewController.m in Sources */ = {isa = PBXBuildFile; fileRef = 843E4D39181C68370048F980 /* TVSpaceDataViewController.m */; };
		849F5C2E1820DEC000F79111 /* TVAddSpaceObjectViewController.m in Sources */ = {isa = PBXBuildFile; fileRef = 849F5C2D1820DEC000F79111 /* TVAddSpaceObjectViewController.m */; };
		84AC77481818A3B5001B9C5D /* TVSpaceImageViewController.m in Sources */ = {isa = PBXBuildFile; fileRef = 84AC77471818A3B5001B9C5D /* TVSpaceImageViewController.m */; };
		84AC774A1819321B001B9C5D /* worldMap.jpg in Resources */ = {isa = PBXBuildFile; fileRef = 84AC77491819321B001B9C5D /* worldMap.jpg */; };
/* End PBXBuildFile section */

/* Begin PBXContainerItemProxy section */
		8402955A18151CF1008F3E7D /* PBXContainerItemProxy */ = {
			isa = PBXContainerItemProxy;
			containerPortal = 8402952C18151CF1008F3E7D /* Project object */;
			proxyType = 1;
			remoteGlobalIDString = 8402953318151CF1008F3E7D;
			remoteInfo = "UITableViewController Challenge Solution";
		};
/* End PBXContainerItemProxy section */

/* Begin PBXFileReference section */
		8402953418151CF1008F3E7D /* UITableViewController Challenge Solution.app */ = {isa = PBXFileReference; explicitFileType = wrapper.application; includeInIndex = 0; path = "UITableViewController Challenge Solution.app"; sourceTree = BUILT_PRODUCTS_DIR; };
		8402953718151CF1008F3E7D /* Foundation.framework */ = {isa = PBXFileReference; lastKnownFileType = wrapper.framework; name = Foundation.framework; path = System/Library/Frameworks/Foundation.framework; sourceTree = SDKROOT; };
		8402953918151CF1008F3E7D /* CoreGraphics.framework */ = {isa = PBXFileReference; lastKnownFileType = wrapper.framework; name = CoreGraphics.framework; path = System/Library/Frameworks/CoreGraphics.framework; sourceTree = SDKROOT; };
		8402953B18151CF1008F3E7D /* UIKit.framework */ = {isa = PBXFileReference; lastKnownFileType = wrapper.framework; name = UIKit.framework; path = System/Library/Frameworks/UIKit.framework; sourceTree = SDKROOT; };
		8402953F18151CF1008F3E7D /* UITableViewController Challenge Solution-Info.plist */ = {isa = PBXFileReference; lastKnownFileType = text.plist.xml; path = "UITableViewController Challenge Solution-Info.plist"; sourceTree = "<group>"; };
		8402954118151CF1008F3E7D /* en */ = {isa = PBXFileReference; lastKnownFileType = text.plist.strings; name = en; path = en.lproj/InfoPlist.strings; sourceTree = "<group>"; };
		8402954318151CF1008F3E7D /* main.m */ = {isa = PBXFileReference; lastKnownFileType = sourcecode.c.objc; path = main.m; sourceTree = "<group>"; };
		8402954518151CF1008F3E7D /* UITableViewController Challenge Solution-Prefix.pch */ = {isa = PBXFileReference; lastKnownFileType = sourcecode.c.h; path = "UITableViewController Challenge Solution-Prefix.pch"; sourceTree = "<group>"; };
		8402954618151CF1008F3E7D /* TVAppDelegate.h */ = {isa = PBXFileReference; lastKnownFileType = sourcecode.c.h; path = TVAppDelegate.h; sourceTree = "<group>"; };
		8402954718151CF1008F3E7D /* TVAppDelegate.m */ = {isa = PBXFileReference; lastKnownFileType = sourcecode.c.objc; path = TVAppDelegate.m; sourceTree = "<group>"; };
		8402954A18151CF1008F3E7D /* Base */ = {isa = PBXFileReference; lastKnownFileType = file.storyboard; name = Base; path = Base.lproj/Main.storyboard; sourceTree = "<group>"; };
		8402954F18151CF1008F3E7D /* Images.xcassets */ = {isa = PBXFileReference; lastKnownFileType = folder.assetcatalog; path = Images.xcassets; sourceTree = "<group>"; };
		8402955518151CF1008F3E7D /* UITableViewController Challenge SolutionTests.xctest */ = {isa = PBXFileReference; explicitFileType = wrapper.cfbundle; includeInIndex = 0; path = "UITableViewController Challenge SolutionTests.xctest"; sourceTree = BUILT_PRODUCTS_DIR; };
		8402955618151CF1008F3E7D /* XCTest.framework */ = {isa = PBXFileReference; lastKnownFileType = wrapper.framework; name = XCTest.framework; path = Library/Frameworks/XCTest.framework; sourceTree = DEVELOPER_DIR; };
		8402955E18151CF1008F3E7D /* UITableViewController Challenge SolutionTests-Info.plist */ = {isa = PBXFileReference; lastKnownFileType = text.plist.xml; path = "UITableViewController Challenge SolutionTests-Info.plist"; sourceTree = "<group>"; };
		8402956018151CF1008F3E7D /* en */ = {isa = PBXFileReference; lastKnownFileType = text.plist.strings; name = en; path = en.lproj/InfoPlist.strings; sourceTree = "<group>"; };
		8402956218151CF1008F3E7D /* UITableViewController_Challenge_SolutionTests.m */ = {isa = PBXFileReference; lastKnownFileType = sourcecode.c.objc; path = UITableViewController_Challenge_SolutionTests.m; sourceTree = "<group>"; };
		8402956C1815208A008F3E7D /* TVTableViewController.h */ = {isa = PBXFileReference; fileEncoding = 4; lastKnownFileType = sourcecode.c.h; path = TVTableViewController.h; sourceTree = "<group>"; };
		8402956D1815208A008F3E7D /* TVTableViewController.m */ = {isa = PBXFileReference; fileEncoding = 4; lastKnownFileType = sourcecode.c.objc; path = TVTableViewController.m; sourceTree = "<group>"; };
		8402957518161B19008F3E7D /* Earth.jpg */ = {isa = PBXFileReference; lastKnownFileType = image.jpeg; name = Earth.jpg; path = ../Earth.jpg; sourceTree = "<group>"; };
		8402957618161B19008F3E7D /* EinsteinRing.jpg */ = {isa = PBXFileReference; lastKnownFileType = image.jpeg; name = EinsteinRing.jpg; path = ../EinsteinRing.jpg; sourceTree = "<group>"; };
		8402957718161B19008F3E7D /* Jupiter.jpg */ = {isa = PBXFileReference; lastKnownFileType = image.jpeg; name = Jupiter.jpg; path = ../Jupiter.jpg; sourceTree = "<group>"; };
		8402957818161B19008F3E7D /* Mars.jpg */ = {isa = PBXFileReference; lastKnownFileType = image.jpeg; name = Mars.jpg; path = ../Mars.jpg; sourceTree = "<group>"; };
		8402957918161B19008F3E7D /* Mercury.jpg */ = {isa = PBXFileReference; lastKnownFileType = image.jpeg; name = Mercury.jpg; path = ../Mercury.jpg; sourceTree = "<group>"; };
		8402957A18161B19008F3E7D /* Neptune.jpg */ = {isa = PBXFileReference; lastKnownFileType = image.jpeg; name = Neptune.jpg; path = ../Neptune.jpg; sourceTree = "<group>"; };
		8402957B18161B19008F3E7D /* Orion.jpg */ = {isa = PBXFileReference; lastKnownFileType = image.jpeg; name = Orion.jpg; path = ../Orion.jpg; sourceTree = "<group>"; };
		8402957C18161B19008F3E7D /* Saturn.jpg */ = {isa = PBXFileReference; lastKnownFileType = image.jpeg; name = Saturn.jpg; path = ../Saturn.jpg; sourceTree = "<group>"; };
		8402957D18161B19008F3E7D /* Uranus.jpg */ = {isa = PBXFileReference; lastKnownFileType = image.jpeg; name = Uranus.jpg; path = ../Uranus.jpg; sourceTree = "<group>"; };
		8402957E18161B19008F3E7D /* Venus.jpg */ = {isa = PBXFileReference; lastKnownFileType = image.jpeg; name = Venus.jpg; path = ../Venus.jpg; sourceTree = "<group>"; };
		8402958918162250008F3E7D /* AstronomicalData.h */ = {isa = PBXFileReference; fileEncoding = 4; lastKnownFileType = sourcecode.c.h; path = AstronomicalData.h; sourceTree = "<group>"; };
		8402958A18162250008F3E7D /* AstronomicalData.m */ = {isa = PBXFileReference; fileEncoding = 4; lastKnownFileType = sourcecode.c.objc; path = AstronomicalData.m; sourceTree = "<group>"; };
		8402958C18162D62008F3E7D /* TVSpaceObject.h */ = {isa = PBXFileReference; fileEncoding = 4; lastKnownFileType = sourcecode.c.h; path = TVSpaceObject.h; sourceTree = "<group>"; };
		8402958D18162D62008F3E7D /* TVSpaceObject.m */ = {isa = PBXFileReference; fileEncoding = 4; lastKnownFileType = sourcecode.c.objc; path = TVSpaceObject.m; sourceTree = "<group>"; };
		843E4D38181C68370048F980 /* TVSpaceDataViewController.h */ = {isa = PBXFileReference; fileEncoding = 4; lastKnownFileType = sourcecode.c.h; path = TVSpaceDataViewController.h; sourceTree = "<group>"; };
		843E4D39181C68370048F980 /* TVSpaceDataViewController.m */ = {isa = PBXFileReference; fileEncoding = 4; lastKnownFileType = sourcecode.c.objc; path = TVSpaceDataViewController.m; sourceTree = "<group>"; };
		849F5C2C1820DEC000F79111 /* TVAddSpaceObjectViewController.h */ = {isa = PBXFileReference; fileEncoding = 4; lastKnownFileType = sourcecode.c.h; path = TVAddSpaceObjectViewController.h; sourceTree = "<group>"; };
		849F5C2D1820DEC000F79111 /* TVAddSpaceObjectViewController.m */ = {isa = PBXFileReference; fileEncoding = 4; lastKnownFileType = sourcecode.c.objc; path = TVAddSpaceObjectViewController.m; sourceTree = "<group>"; };
		84AC77461818A3B5001B9C5D /* TVSpaceImageViewController.h */ = {isa = PBXFileReference; fileEncoding = 4; lastKnownFileType = sourcecode.c.h; path = TVSpaceImageViewController.h; sourceTree = "<group>"; };
		84AC77471818A3B5001B9C5D /* TVSpaceImageViewController.m */ = {isa = PBXFileReference; fileEncoding = 4; lastKnownFileType = sourcecode.c.objc; path = TVSpaceImageViewController.m; sourceTree = "<group>"; };
		84AC77491819321B001B9C5D /* worldMap.jpg */ = {isa = PBXFileReference; lastKnownFileType = image.jpeg; path = worldMap.jpg; sourceTree = "<group>"; };
/* End PBXFileReference section */

/* Begin PBXFrameworksBuildPhase section */
		8402953118151CF1008F3E7D /* Frameworks */ = {
			isa = PBXFrameworksBuildPhase;
			buildActionMask = 2147483647;
			files = (
				8402953A18151CF1008F3E7D /* CoreGraphics.framework in Frameworks */,
				8402953C18151CF1008F3E7D /* UIKit.framework in Frameworks */,
				8402953818151CF1008F3E7D /* Foundation.framework in Frameworks */,
			);
			runOnlyForDeploymentPostprocessing = 0;
		};
		8402955218151CF1008F3E7D /* Frameworks */ = {
			isa = PBXFrameworksBuildPhase;
			buildActionMask = 2147483647;
			files = (
				8402955718151CF1008F3E7D /* XCTest.framework in Frameworks */,
				8402955918151CF1008F3E7D /* UIKit.framework in Frameworks */,
				8402955818151CF1008F3E7D /* Foundation.framework in Frameworks */,
			);
			runOnlyForDeploymentPostprocessing = 0;
		};
/* End PBXFrameworksBuildPhase section */

/* Begin PBXGroup section */
		8402952B18151CF1008F3E7D = {
			isa = PBXGroup;
			children = (
				8402953D18151CF1008F3E7D /* UITableViewController Challenge Solution */,
				8402955C18151CF1008F3E7D /* UITableViewController Challenge SolutionTests */,
				8402953618151CF1008F3E7D /* Frameworks */,
				8402953518151CF1008F3E7D /* Products */,
			);
			sourceTree = "<group>";
		};
		8402953518151CF1008F3E7D /* Products */ = {
			isa = PBXGroup;
			children = (
				8402953418151CF1008F3E7D /* UITableViewController Challenge Solution.app */,
				8402955518151CF1008F3E7D /* UITableViewController Challenge SolutionTests.xctest */,
			);
			name = Products;
			sourceTree = "<group>";
		};
		8402953618151CF1008F3E7D /* Frameworks */ = {
			isa = PBXGroup;
			children = (
				8402953718151CF1008F3E7D /* Foundation.framework */,
				8402953918151CF1008F3E7D /* CoreGraphics.framework */,
				8402953B18151CF1008F3E7D /* UIKit.framework */,
				8402955618151CF1008F3E7D /* XCTest.framework */,
			);
			name = Frameworks;
			sourceTree = "<group>";
		};
		8402953D18151CF1008F3E7D /* UITableViewController Challenge Solution */ = {
			isa = PBXGroup;
			children = (
				8402954618151CF1008F3E7D /* TVAppDelegate.h */,
				8402954718151CF1008F3E7D /* TVAppDelegate.m */,
				8402954918151CF1008F3E7D /* Main.storyboard */,
				8402956C1815208A008F3E7D /* TVTableViewController.h */,
				8402956D1815208A008F3E7D /* TVTableViewController.m */,
				84AC77461818A3B5001B9C5D /* TVSpaceImageViewController.h */,
				84AC77471818A3B5001B9C5D /* TVSpaceImageViewController.m */,
				843E4D38181C68370048F980 /* TVSpaceDataViewController.h */,
				843E4D39181C68370048F980 /* TVSpaceDataViewController.m */,
				849F5C2C1820DEC000F79111 /* TVAddSpaceObjectViewController.h */,
				849F5C2D1820DEC000F79111 /* TVAddSpaceObjectViewController.m */,
				8402958C18162D62008F3E7D /* TVSpaceObject.h */,
				8402958D18162D62008F3E7D /* TVSpaceObject.m */,
				8402958918162250008F3E7D /* AstronomicalData.h */,
				8402958A18162250008F3E7D /* AstronomicalData.m */,
				8402954F18151CF1008F3E7D /* Images.xcassets */,
				8402953E18151CF1008F3E7D /* Supporting Files */,
			);
			path = "UITableViewController Challenge Solution";
			sourceTree = "<group>";
		};
		8402953E18151CF1008F3E7D /* Supporting Files */ = {
			isa = PBXGroup;
			children = (
				84AC77491819321B001B9C5D /* worldMap.jpg */,
				8402957518161B19008F3E7D /* Earth.jpg */,
				8402957618161B19008F3E7D /* EinsteinRing.jpg */,
				8402957718161B19008F3E7D /* Jupiter.jpg */,
				8402957818161B19008F3E7D /* Mars.jpg */,
				8402957918161B19008F3E7D /* Mercury.jpg */,
				8402957A18161B19008F3E7D /* Neptune.jpg */,
				8402957B18161B19008F3E7D /* Orion.jpg */,
				8402957C18161B19008F3E7D /* Saturn.jpg */,
				8402957D18161B19008F3E7D /* Uranus.jpg */,
				8402957E18161B19008F3E7D /* Venus.jpg */,
				8402953F18151CF1008F3E7D /* UITableViewController Challenge Solution-Info.plist */,
				8402954018151CF1008F3E7D /* InfoPlist.strings */,
				8402954318151CF1008F3E7D /* main.m */,
				8402954518151CF1008F3E7D /* UITableViewController Challenge Solution-Prefix.pch */,
			);
			name = "Supporting Files";
			sourceTree = "<group>";
		};
		8402955C18151CF1008F3E7D /* UITableViewController Challenge SolutionTests */ = {
			isa = PBXGroup;
			children = (
				8402956218151CF1008F3E7D /* UITableViewController_Challenge_SolutionTests.m */,
				8402955D18151CF1008F3E7D /* Supporting Files */,
			);
			path = "UITableViewController Challenge SolutionTests";
			sourceTree = "<group>";
		};
		8402955D18151CF1008F3E7D /* Supporting Files */ = {
			isa = PBXGroup;
			children = (
				8402955E18151CF1008F3E7D /* UITableViewController Challenge SolutionTests-Info.plist */,
				8402955F18151CF1008F3E7D /* InfoPlist.strings */,
			);
			name = "Supporting Files";
			sourceTree = "<group>";
		};
/* End PBXGroup section */

/* Begin PBXNativeTarget section */
		8402953318151CF1008F3E7D /* UITableViewController Challenge Solution */ = {
			isa = PBXNativeTarget;
			buildConfigurationList = 8402956618151CF1008F3E7D /* Build configuration list for PBXNativeTarget "UITableViewController Challenge Solution" */;
			buildPhases = (
				8402953018151CF1008F3E7D /* Sources */,
				8402953118151CF1008F3E7D /* Frameworks */,
				8402953218151CF1008F3E7D /* Resources */,
			);
			buildRules = (
			);
			dependencies = (
			);
			name = "UITableViewController Challenge Solution";
			productName = "UITableViewController Challenge Solution";
			productReference = 8402953418151CF1008F3E7D /* UITableViewController Challenge Solution.app */;
			productType = "com.apple.product-type.application";
		};
		8402955418151CF1008F3E7D /* UITableViewController Challenge SolutionTests */ = {
			isa = PBXNativeTarget;
			buildConfigurationList = 8402956918151CF1008F3E7D /* Build configuration list for PBXNativeTarget "UITableViewController Challenge SolutionTests" */;
			buildPhases = (
				8402955118151CF1008F3E7D /* Sources */,
				8402955218151CF1008F3E7D /* Frameworks */,
				8402955318151CF1008F3E7D /* Resources */,
			);
			buildRules = (
			);
			dependencies = (
				8402955B18151CF1008F3E7D /* PBXTargetDependency */,
			);
			name = "UITableViewController Challenge SolutionTests";
			productName = "UITableViewController Challenge SolutionTests";
			productReference = 8402955518151CF1008F3E7D /* UITableViewController Challenge SolutionTests.xctest */;
			productType = "com.apple.product-type.bundle.unit-test";
		};
/* End PBXNativeTarget section */

/* Begin PBXProject section */
		8402952C18151CF1008F3E7D /* Project object */ = {
			isa = PBXProject;
			attributes = {
				CLASSPREFIX = TV;
				LastUpgradeCheck = 0500;
				ORGANIZATIONNAME = iDoodle;
				TargetAttributes = {
					8402955418151CF1008F3E7D = {
						TestTargetID = 8402953318151CF1008F3E7D;
					};
				};
			};
			buildConfigurationList = 8402952F18151CF1008F3E7D /* Build configuration list for PBXProject "UITableViewController Challenge Solution" */;
			compatibilityVersion = "Xcode 3.2";
			developmentRegion = English;
			hasScannedForEncodings = 0;
			knownRegions = (
				en,
				Base,
			);
			mainGroup = 8402952B18151CF1008F3E7D;
			productRefGroup = 8402953518151CF1008F3E7D /* Products */;
			projectDirPath = "";
			projectRoot = "";
			targets = (
				8402953318151CF1008F3E7D /* UITableViewController Challenge Solution */,
				8402955418151CF1008F3E7D /* UITableViewController Challenge SolutionTests */,
			);
		};
/* End PBXProject section */

/* Begin PBXResourcesBuildPhase section */
		8402953218151CF1008F3E7D /* Resources */ = {
			isa = PBXResourcesBuildPhase;
			buildActionMask = 2147483647;
			files = (
				8402957F18161B19008F3E7D /* Earth.jpg in Resources */,
				8402958818161B19008F3E7D /* Venus.jpg in Resources */,
				8402958318161B19008F3E7D /* Mercury.jpg in Resources */,
				84AC774A1819321B001B9C5D /* worldMap.jpg in Resources */,
				8402958618161B19008F3E7D /* Saturn.jpg in Resources */,
				8402958718161B19008F3E7D /* Uranus.jpg in Resources */,
				8402955018151CF1008F3E7D /* Images.xcassets in Resources */,
				8402958418161B19008F3E7D /* Neptune.jpg in Resources */,
				8402958218161B19008F3E7D /* Mars.jpg in Resources */,
				8402954218151CF1008F3E7D /* InfoPlist.strings in Resources */,
				8402954B18151CF1008F3E7D /* Main.storyboard in Resources */,
				8402958018161B19008F3E7D /* EinsteinRing.jpg in Resources */,
				8402958118161B19008F3E7D /* Jupiter.jpg in Resources */,
				8402958518161B19008F3E7D /* Orion.jpg in Resources */,
			);
			runOnlyForDeploymentPostprocessing = 0;
		};
		8402955318151CF1008F3E7D /* Resources */ = {
			isa = PBXResourcesBuildPhase;
			buildActionMask = 2147483647;
			files = (
				8402956118151CF1008F3E7D /* InfoPlist.strings in Resources */,
			);
			runOnlyForDeploymentPostprocessing = 0;
		};
/* End PBXResourcesBuildPhase section */

/* Begin PBXSourcesBuildPhase section */
		8402953018151CF1008F3E7D /* Sources */ = {
			isa = PBXSourcesBuildPhase;
			buildActionMask = 2147483647;
			files = (
				849F5C2E1820DEC000F79111 /* TVAddSpaceObjectViewController.m in Sources */,
				8402954818151CF1008F3E7D /* TVAppDelegate.m in Sources */,
				84AC77481818A3B5001B9C5D /* TVSpaceImageViewController.m in Sources */,
				8402954418151CF1008F3E7D /* main.m in Sources */,
				843E4D3A181C68370048F980 /* TVSpaceDataViewController.m in Sources */,
				8402956E1815208A008F3E7D /* TVTableViewController.m in Sources */,
				8402958E18162D62008F3E7D /* TVSpaceObject.m in Sources */,
				8402958B18162250008F3E7D /* AstronomicalData.m in Sources */,
			);
			runOnlyForDeploymentPostprocessing = 0;
		};
		8402955118151CF1008F3E7D /* Sources */ = {
			isa = PBXSourcesBuildPhase;
			buildActionMask = 2147483647;
			files = (
				8402956318151CF1008F3E7D /* UITableViewController_Challenge_SolutionTests.m in Sources */,
			);
			runOnlyForDeploymentPostprocessing = 0;
		};
/* End PBXSourcesBuildPhase section */

/* Begin PBXTargetDependency section */
		8402955B18151CF1008F3E7D /* PBXTargetDependency */ = {
			isa = PBXTargetDependency;
			target = 8402953318151CF1008F3E7D /* UITableViewController Challenge Solution */;
			targetProxy = 8402955A18151CF1008F3E7D /* PBXContainerItemProxy */;
		};
/* End PBXTargetDependency section */

/* Begin PBXVariantGroup section */
		8402954018151CF1008F3E7D /* InfoPlist.strings */ = {
			isa = PBXVariantGroup;
			children = (
				8402954118151CF1008F3E7D /* en */,
			);
			name = InfoPlist.strings;
			sourceTree = "<group>";
		};
		8402954918151CF1008F3E7D /* Main.storyboard */ = {
			isa = PBXVariantGroup;
			children = (
				8402954A18151CF1008F3E7D /* Base */,
			);
			name = Main.storyboard;
			sourceTree = "<group>";
		};
		8402955F18151CF1008F3E7D /* InfoPlist.strings */ = {
			isa = PBXVariantGroup;
			children = (
				8402956018151CF1008F3E7D /* en */,
			);
			name = InfoPlist.strings;
			sourceTree = "<group>";
		};
/* End PBXVariantGroup section */

/* Begin XCBuildConfiguration section */
		8402956418151CF1008F3E7D /* Debug */ = {
			isa = XCBuildConfiguration;
			buildSettings = {
				ALWAYS_SEARCH_USER_PATHS = NO;
				ARCHS = "$(ARCHS_STANDARD_INCLUDING_64_BIT)";
				CLANG_CXX_LANGUAGE_STANDARD = "gnu++0x";
				CLANG_CXX_LIBRARY = "libc++";
				CLANG_ENABLE_MODULES = YES;
				CLANG_ENABLE_OBJC_ARC = YES;
				CLANG_WARN_BOOL_CONVERSION = YES;
				CLANG_WARN_CONSTANT_CONVERSION = YES;
				CLANG_WARN_DIRECT_OBJC_ISA_USAGE = YES_ERROR;
				CLANG_WARN_EMPTY_BODY = YES;
				CLANG_WARN_ENUM_CONVERSION = YES;
				CLANG_WARN_INT_CONVERSION = YES;
				CLANG_WARN_OBJC_ROOT_CLASS = YES_ERROR;
				CLANG_WARN__DUPLICATE_METHOD_MATCH = YES;
				"CODE_SIGN_IDENTITY[sdk=iphoneos*]" = "iPhone Developer";
				COPY_PHASE_STRIP = NO;
				GCC_C_LANGUAGE_STANDARD = gnu99;
				GCC_DYNAMIC_NO_PIC = NO;
				GCC_OPTIMIZATION_LEVEL = 0;
				GCC_PREPROCESSOR_DEFINITIONS = (
					"DEBUG=1",
					"$(inherited)",
				);
				GCC_SYMBOLS_PRIVATE_EXTERN = NO;
				GCC_WARN_64_TO_32_BIT_CONVERSION = YES;
				GCC_WARN_ABOUT_RETURN_TYPE = YES_ERROR;
				GCC_WARN_UNDECLARED_SELECTOR = YES;
				GCC_WARN_UNINITIALIZED_AUTOS = YES;
				GCC_WARN_UNUSED_FUNCTION = YES;
				GCC_WARN_UNUSED_VARIABLE = YES;
				IPHONEOS_DEPLOYMENT_TARGET = 7.0;
				ONLY_ACTIVE_ARCH = YES;
				SDKROOT = iphoneos;
			};
			name = Debug;
		};
		8402956518151CF1008F3E7D /* Release */ = {
			isa = XCBuildConfiguration;
			buildSettings = {
				ALWAYS_SEARCH_USER_PATHS = NO;
				ARCHS = "$(ARCHS_STANDARD_INCLUDING_64_BIT)";
				CLANG_CXX_LANGUAGE_STANDARD = "gnu++0x";
				CLANG_CXX_LIBRARY = "libc++";
				CLANG_ENABLE_MODULES = YES;
				CLANG_ENABLE_OBJC_ARC = YES;
				CLANG_WARN_BOOL_CONVERSION = YES;
				CLANG_WARN_CONSTANT_CONVERSION = YES;
				CLANG_WARN_DIRECT_OBJC_ISA_USAGE = YES_ERROR;
				CLANG_WARN_EMPTY_BODY = YES;
				CLANG_WARN_ENUM_CONVERSION = YES;
				CLANG_WARN_INT_CONVERSION = YES;
				CLANG_WARN_OBJC_ROOT_CLASS = YES_ERROR;
				CLANG_WARN__DUPLICATE_METHOD_MATCH = YES;
				"CODE_SIGN_IDENTITY[sdk=iphoneos*]" = "iPhone Developer";
				COPY_PHASE_STRIP = YES;
				ENABLE_NS_ASSERTIONS = NO;
				GCC_C_LANGUAGE_STANDARD = gnu99;
				GCC_WARN_64_TO_32_BIT_CONVERSION = YES;
				GCC_WARN_ABOUT_RETURN_TYPE = YES_ERROR;
				GCC_WARN_UNDECLARED_SELECTOR = YES;
				GCC_WARN_UNINITIALIZED_AUTOS = YES;
				GCC_WARN_UNUSED_FUNCTION = YES;
				GCC_WARN_UNUSED_VARIABLE = YES;
				IPHONEOS_DEPLOYMENT_TARGET = 7.0;
				SDKROOT = iphoneos;
				VALIDATE_PRODUCT = YES;
			};
			name = Release;
		};
		8402956718151CF1008F3E7D /* Debug */ = {
			isa = XCBuildConfiguration;
			buildSettings = {
				ASSETCATALOG_COMPILER_APPICON_NAME = AppIcon;
				ASSETCATALOG_COMPILER_LAUNCHIMAGE_NAME = LaunchImage;
				GCC_PRECOMPILE_PREFIX_HEADER = YES;
				GCC_PREFIX_HEADER = "UITableViewController Challenge Solution/UITableViewController Challenge Solution-Prefix.pch";
				INFOPLIST_FILE = "UITableViewController Challenge Solution/UITableViewController Challenge Solution-Info.plist";
				PRODUCT_NAME = "$(TARGET_NAME)";
				WRAPPER_EXTENSION = app;
			};
			name = Debug;
		};
		8402956818151CF1008F3E7D /* Release */ = {
			isa = XCBuildConfiguration;
			buildSettings = {
				ASSETCATALOG_COMPILER_APPICON_NAME = AppIcon;
				ASSETCATALOG_COMPILER_LAUNCHIMAGE_NAME = LaunchImage;
				GCC_PRECOMPILE_PREFIX_HEADER = YES;
				GCC_PREFIX_HEADER = "UITableViewController Challenge Solution/UITableViewController Challenge Solution-Prefix.pch";
				INFOPLIST_FILE = "UITableViewController Challenge Solution/UITableViewController Challenge Solution-Info.plist";
				PRODUCT_NAME = "$(TARGET_NAME)";
				WRAPPER_EXTENSION = app;
			};
			name = Release;
		};
		8402956A18151CF1008F3E7D /* Debug */ = {
			isa = XCBuildConfiguration;
			buildSettings = {
				ARCHS = "$(ARCHS_STANDARD_INCLUDING_64_BIT)";
				BUNDLE_LOADER = "$(BUILT_PRODUCTS_DIR)/UITableViewController Challenge Solution.app/UITableViewController Challenge Solution";
				FRAMEWORK_SEARCH_PATHS = (
					"$(SDKROOT)/Developer/Library/Frameworks",
					"$(inherited)",
					"$(DEVELOPER_FRAMEWORKS_DIR)",
				);
				GCC_PRECOMPILE_PREFIX_HEADER = YES;
				GCC_PREFIX_HEADER = "UITableViewController Challenge Solution/UITableViewController Challenge Solution-Prefix.pch";
				GCC_PREPROCESSOR_DEFINITIONS = (
					"DEBUG=1",
					"$(inherited)",
				);
				INFOPLIST_FILE = "UITableViewController Challenge SolutionTests/UITableViewController Challenge SolutionTests-Info.plist";
				PRODUCT_NAME = "$(TARGET_NAME)";
				TEST_HOST = "$(BUNDLE_LOADER)";
				WRAPPER_EXTENSION = xctest;
			};
			name = Debug;
		};
		8402956B18151CF1008F3E7D /* Release */ = {
			isa = XCBuildConfiguration;
			buildSettings = {
				ARCHS = "$(ARCHS_STANDARD_INCLUDING_64_BIT)";
				BUNDLE_LOADER = "$(BUILT_PRODUCTS_DIR)/UITableViewController Challenge Solution.app/UITableViewController Challenge Solution";
				FRAMEWORK_SEARCH_PATHS = (
					"$(SDKROOT)/Developer/Library/Frameworks",
					"$(inherited)",
					"$(DEVELOPER_FRAMEWORKS_DIR)",
				);
				GCC_PRECOMPILE_PREFIX_HEADER = YES;
				GCC_PREFIX_HEADER = "UITableViewController Challenge Solution/UITableViewController Challenge Solution-Prefix.pch";
				INFOPLIST_FILE = "UITableViewController Challenge SolutionTests/UITableViewController Challenge SolutionTests-Info.plist";
				PRODUCT_NAME = "$(TARGET_NAME)";
				TEST_HOST = "$(BUNDLE_LOADER)";
				WRAPPER_EXTENSION = xctest;
			};
			name = Release;
		};
/* End XCBuildConfiguration section */

/* Begin XCConfigurationList section */
		8402952F18151CF1008F3E7D /* Build configuration list for PBXProject "UITableViewController Challenge Solution" */ = {
			isa = XCConfigurationList;
			buildConfigurations = (
				8402956418151CF1008F3E7D /* Debug */,
				8402956518151CF1008F3E7D /* Release */,
			);
			defaultConfigurationIsVisible = 0;
			defaultConfigurationName = Release;
		};
		8402956618151CF1008F3E7D /* Build configuration list for PBXNativeTarget "UITableViewController Challenge Solution" */ = {
			isa = XCConfigurationList;
			buildConfigurations = (
				8402956718151CF1008F3E7D /* Debug */,
				8402956818151CF1008F3E7D /* Release */,
			);
			defaultConfigurationIsVisible = 0;
			defaultConfigurationName = Release;
		};
		8402956918151CF1008F3E7D /* Build configuration list for PBXNativeTarget "UITableViewController Challenge SolutionTests" */ = {
			isa = XCConfigurationList;
			buildConfigurations = (
				8402956A18151CF1008F3E7D /* Debug */,
				8402956B18151CF1008F3E7D /* Release */,
			);
			defaultConfigurationIsVisible = 0;
			defaultConfigurationName = Release;
		};
/* End XCConfigurationList section */
	};
	rootObject = 8402952C18151CF1008F3E7D /* Project object */;
}
